
Microsoft Visual Studio Solution File, Format Version 12.00
# Visual Studio 15
VisualStudioVersion = 15.0.26730.16
MinimumVisualStudioVersion = 10.0.40219.1
Project("{9A19103F-16F7-4668-BE54-9A1E7A4F7556}") = "KillerApp", "KillerApp\KillerApp.csproj", "{41EC8FA1-49EB-4FE4-8E0B-9CF7910424FD}"
EndProject
Project("{9A19103F-16F7-4668-BE54-9A1E7A4F7556}") = "KillerApp.DAL", "KillerApp.DAL\KillerApp.DAL.csproj", "{306021F8-4051-4E18-BDCD-FECD68D9043B}"
EndProject
Project("{9A19103F-16F7-4668-BE54-9A1E7A4F7556}") = "KillerApp.Domain", "KillerApp.Domain\KillerApp.Domain.csproj", "{FF0F89A7-C1B8-4FFB-96FA-E6DDFA40DE8B}"
EndProject
Project("{9A19103F-16F7-4668-BE54-9A1E7A4F7556}") = "KillerApp.Logic", "KillerApp.Logic\KillerApp.Logic.csproj", "{2D510D5F-766F-44F3-B94A-BE7803B178DD}"
EndProject
Project("{9A19103F-16F7-4668-BE54-9A1E7A4F7556}") = "KillerApp.Factory", "KillerApp.Factory\KillerApp.Factory.csproj", "{8356BA55-86C1-4A8F-8165-F93C1139A64A}"
EndProject
Project("{FAE04EC0-301F-11D3-BF4B-00C04F79EFBC}") = "KillerApp.UnitTest", "KillerApp.UnitTest\KillerApp.UnitTest.csproj", "{19F533CA-4F7D-4475-9F19-FF1800FD9EED}"
EndProject
Global
	GlobalSection(SolutionConfigurationPlatforms) = preSolution
		Debug|Any CPU = Debug|Any CPU
		Release|Any CPU = Release|Any CPU
	EndGlobalSection
	GlobalSection(ProjectConfigurationPlatforms) = postSolution
		{41EC8FA1-49EB-4FE4-8E0B-9CF7910424FD}.Debug|Any CPU.ActiveCfg = Debug|Any CPU
		{41EC8FA1-49EB-4FE4-8E0B-9CF7910424FD}.Debug|Any CPU.Build.0 = Debug|Any CPU
		{41EC8FA1-49EB-4FE4-8E0B-9CF7910424FD}.Release|Any CPU.ActiveCfg = Release|Any CPU
		{41EC8FA1-49EB-4FE4-8E0B-9CF7910424FD}.Release|Any CPU.Build.0 = Release|Any CPU
		{306021F8-4051-4E18-BDCD-FECD68D9043B}.Debug|Any CPU.ActiveCfg = Debug|Any CPU
		{306021F8-4051-4E18-BDCD-FECD68D9043B}.Debug|Any CPU.Build.0 = Debug|Any CPU
		{306021F8-4051-4E18-BDCD-FECD68D9043B}.Release|Any CPU.ActiveCfg = Release|Any CPU
		{306021F8-4051-4E18-BDCD-FECD68D9043B}.Release|Any CPU.Build.0 = Release|Any CPU
		{FF0F89A7-C1B8-4FFB-96FA-E6DDFA40DE8B}.Debug|Any CPU.ActiveCfg = Debug|Any CPU
		{FF0F89A7-C1B8-4FFB-96FA-E6DDFA40DE8B}.Debug|Any CPU.Build.0 = Debug|Any CPU
		{FF0F89A7-C1B8-4FFB-96FA-E6DDFA40DE8B}.Release|Any CPU.ActiveCfg = Release|Any CPU
		{FF0F89A7-C1B8-4FFB-96FA-E6DDFA40DE8B}.Release|Any CPU.Build.0 = Release|Any CPU
		{2D510D5F-766F-44F3-B94A-BE7803B178DD}.Debug|Any CPU.ActiveCfg = Debug|Any CPU
		{2D510D5F-766F-44F3-B94A-BE7803B178DD}.Debug|Any CPU.Build.0 = Debug|Any CPU
		{2D510D5F-766F-44F3-B94A-BE7803B178DD}.Release|Any CPU.ActiveCfg = Release|Any CPU
		{2D510D5F-766F-44F3-B94A-BE7803B178DD}.Release|Any CPU.Build.0 = Release|Any CPU
		{8356BA55-86C1-4A8F-8165-F93C1139A64A}.Debug|Any CPU.ActiveCfg = Debug|Any CPU
		{8356BA55-86C1-4A8F-8165-F93C1139A64A}.Debug|Any CPU.Build.0 = Debug|Any CPU
		{8356BA55-86C1-4A8F-8165-F93C1139A64A}.Release|Any CPU.ActiveCfg = Release|Any CPU
		{8356BA55-86C1-4A8F-8165-F93C1139A64A}.Release|Any CPU.Build.0 = Release|Any CPU
		{19F533CA-4F7D-4475-9F19-FF1800FD9EED}.Debug|Any CPU.ActiveCfg = Debug|Any CPU
		{19F533CA-4F7D-4475-9F19-FF1800FD9EED}.Debug|Any CPU.Build.0 = Debug|Any CPU
		{19F533CA-4F7D-4475-9F19-FF1800FD9EED}.Release|Any CPU.ActiveCfg = Release|Any CPU
		{19F533CA-4F7D-4475-9F19-FF1800FD9EED}.Release|Any CPU.Build.0 = Release|Any CPU
	EndGlobalSection
	GlobalSection(SolutionProperties) = preSolution
		HideSolutionNode = FALSE
	EndGlobalSection
	GlobalSection(ExtensibilityGlobals) = postSolution
		SolutionGuid = {354CECF7-782F-4902-ACEA-09429B4E98F7}
	EndGlobalSection
EndGlobal
