
Microsoft Visual Studio Solution File, Format Version 12.00
# Visual Studio 15
VisualStudioVersion = 15.0.26730.16
MinimumVisualStudioVersion = 10.0.40219.1
Project("{9A19103F-16F7-4668-BE54-9A1E7A4F7556}") = "PCTool", "PCTool\PCTool.csproj", "{3DB0B73C-44ED-4271-A71E-3CD317BF1250}"
EndProject
Project("{FAE04EC0-301F-11D3-BF4B-00C04F79EFBC}") = "PCBuild.Data", "PCBuild.Data\PCBuild.Data.csproj", "{1AA66EBA-101A-4D78-A101-AE87E15E5EBC}"
EndProject
Global
	GlobalSection(SolutionConfigurationPlatforms) = preSolution
		Debug|Any CPU = Debug|Any CPU
		Release|Any CPU = Release|Any CPU
	EndGlobalSection
	GlobalSection(ProjectConfigurationPlatforms) = postSolution
		{3DB0B73C-44ED-4271-A71E-3CD317BF1250}.Debug|Any CPU.ActiveCfg = Debug|Any CPU
		{3DB0B73C-44ED-4271-A71E-3CD317BF1250}.Debug|Any CPU.Build.0 = Debug|Any CPU
		{3DB0B73C-44ED-4271-A71E-3CD317BF1250}.Release|Any CPU.ActiveCfg = Release|Any CPU
		{3DB0B73C-44ED-4271-A71E-3CD317BF1250}.Release|Any CPU.Build.0 = Release|Any CPU
		{1AA66EBA-101A-4D78-A101-AE87E15E5EBC}.Debug|Any CPU.ActiveCfg = Debug|Any CPU
		{1AA66EBA-101A-4D78-A101-AE87E15E5EBC}.Debug|Any CPU.Build.0 = Debug|Any CPU
		{1AA66EBA-101A-4D78-A101-AE87E15E5EBC}.Release|Any CPU.ActiveCfg = Release|Any CPU
		{1AA66EBA-101A-4D78-A101-AE87E15E5EBC}.Release|Any CPU.Build.0 = Release|Any CPU
	EndGlobalSection
	GlobalSection(SolutionProperties) = preSolution
		HideSolutionNode = FALSE
	EndGlobalSection
	GlobalSection(ExtensibilityGlobals) = postSolution
		SolutionGuid = {99C5178E-10D5-4798-822D-E365842FADA9}
	EndGlobalSection
EndGlobal
