
Microsoft Visual Studio Solution File, Format Version 12.00
# Visual Studio 15
VisualStudioVersion = 15.0.26730.16
MinimumVisualStudioVersion = 10.0.40219.1
Project("{9A19103F-16F7-4668-BE54-9A1E7A4F7556}") = "PCTool", "PCTool\PCTool.csproj", "{3DB0B73C-44ED-4271-A71E-3CD317BF1250}"
EndProject
Project("{9A19103F-16F7-4668-BE54-9A1E7A4F7556}") = "PCBuild_Services", "PCBuild.Services\PCBuild_Services.csproj", "{71BB3300-176E-4EED-B36D-B988889DB66E}"
EndProject
Project("{9A19103F-16F7-4668-BE54-9A1E7A4F7556}") = "PCBuild_Data", "PCBuild.Data\PCBuild_Data.csproj", "{F92043EE-1FA4-49AB-B656-F8EE38CD8B80}"
EndProject
Global
	GlobalSection(SolutionConfigurationPlatforms) = preSolution
		Debug|Any CPU = Debug|Any CPU
		Release|Any CPU = Release|Any CPU
	EndGlobalSection
	GlobalSection(ProjectConfigurationPlatforms) = postSolution
		{3DB0B73C-44ED-4271-A71E-3CD317BF1250}.Debug|Any CPU.ActiveCfg = Debug|Any CPU
		{3DB0B73C-44ED-4271-A71E-3CD317BF1250}.Debug|Any CPU.Build.0 = Debug|Any CPU
		{3DB0B73C-44ED-4271-A71E-3CD317BF1250}.Release|Any CPU.ActiveCfg = Release|Any CPU
		{3DB0B73C-44ED-4271-A71E-3CD317BF1250}.Release|Any CPU.Build.0 = Release|Any CPU
		{71BB3300-176E-4EED-B36D-B988889DB66E}.Debug|Any CPU.ActiveCfg = Debug|Any CPU
		{71BB3300-176E-4EED-B36D-B988889DB66E}.Debug|Any CPU.Build.0 = Debug|Any CPU
		{71BB3300-176E-4EED-B36D-B988889DB66E}.Release|Any CPU.ActiveCfg = Release|Any CPU
		{71BB3300-176E-4EED-B36D-B988889DB66E}.Release|Any CPU.Build.0 = Release|Any CPU
		{F92043EE-1FA4-49AB-B656-F8EE38CD8B80}.Debug|Any CPU.ActiveCfg = Debug|Any CPU
		{F92043EE-1FA4-49AB-B656-F8EE38CD8B80}.Debug|Any CPU.Build.0 = Debug|Any CPU
		{F92043EE-1FA4-49AB-B656-F8EE38CD8B80}.Release|Any CPU.ActiveCfg = Release|Any CPU
		{F92043EE-1FA4-49AB-B656-F8EE38CD8B80}.Release|Any CPU.Build.0 = Release|Any CPU
	EndGlobalSection
	GlobalSection(SolutionProperties) = preSolution
		HideSolutionNode = FALSE
	EndGlobalSection
	GlobalSection(ExtensibilityGlobals) = postSolution
		SolutionGuid = {99C5178E-10D5-4798-822D-E365842FADA9}
	EndGlobalSection
EndGlobal
